// !$*UTF8*$!
{
	archiveVersion = 1;
	classes = {
	};
	objectVersion = 46;
	objects = {

/* Begin PBXBuildFile section */
		100264531D4155C6009349CA /* venn_price_image.png in Resources */ = {isa = PBXBuildFile; fileRef = 100264521D4155C6009349CA /* venn_price_image.png */; };
		101F43CE1D107A55007E0ADE /* HeaderView.swift in Sources */ = {isa = PBXBuildFile; fileRef = 101F43CD1D107A55007E0ADE /* HeaderView.swift */; };
		101F43D01D11A203007E0ADE /* TutorialViewController.swift in Sources */ = {isa = PBXBuildFile; fileRef = 101F43CF1D11A203007E0ADE /* TutorialViewController.swift */; };
		102331941D13267B002C6B3C /* MiniMatchTransitionManager.swift in Sources */ = {isa = PBXBuildFile; fileRef = 102331931D13267B002C6B3C /* MiniMatchTransitionManager.swift */; };
		102806D71D22F11D0019C7FF /* RatingControl.swift in Sources */ = {isa = PBXBuildFile; fileRef = 102806D61D22F11D0019C7FF /* RatingControl.swift */; };
		103B17081D35686C005AEFDD /* jonasBoettcherController.swift in Sources */ = {isa = PBXBuildFile; fileRef = 103B17071D35686C005AEFDD /* jonasBoettcherController.swift */; };
		103D11481D382EB5004CE297 /* OtherHeaderView.swift in Sources */ = {isa = PBXBuildFile; fileRef = 103D11471D382EB5004CE297 /* OtherHeaderView.swift */; };
		103D114A1D3831CD004CE297 /* MyItemHeaderView.swift in Sources */ = {isa = PBXBuildFile; fileRef = 103D11491D3831CD004CE297 /* MyItemHeaderView.swift */; };
		105FCB031D08AB790073E3AE /* TempViewController.swift in Sources */ = {isa = PBXBuildFile; fileRef = 105FCB021D08AB790073E3AE /* TempViewController.swift */; };
		106E96231D3582C600DBBED0 /* background.jpg in Resources */ = {isa = PBXBuildFile; fileRef = 106E96221D3582C600DBBED0 /* background.jpg */; };
		106E96251D35896700DBBED0 /* iphone-icon.png in Resources */ = {isa = PBXBuildFile; fileRef = 106E96241D35896700DBBED0 /* iphone-icon.png */; };
		109452B91D41661A00931DA8 /* venn.png in Resources */ = {isa = PBXBuildFile; fileRef = 109452B81D41661A00931DA8 /* venn.png */; };
		109452C41D47E6FF00931DA8 /* Clothes Filled.png in Resources */ = {isa = PBXBuildFile; fileRef = 109452BC1D47E6FF00931DA8 /* Clothes Filled.png */; };
		109452C51D47E6FF00931DA8 /* Computer Filled.png in Resources */ = {isa = PBXBuildFile; fileRef = 109452BD1D47E6FF00931DA8 /* Computer Filled.png */; };
		109452C61D47E6FF00931DA8 /* Generic Book File Type Filled.png in Resources */ = {isa = PBXBuildFile; fileRef = 109452BE1D47E6FF00931DA8 /* Generic Book File Type Filled.png */; };
		109452C71D47E6FF00931DA8 /* Home.png in Resources */ = {isa = PBXBuildFile; fileRef = 109452BF1D47E6FF00931DA8 /* Home.png */; };
		109452C81D47E6FF00931DA8 /* Kitchen Filled.png in Resources */ = {isa = PBXBuildFile; fileRef = 109452C01D47E6FF00931DA8 /* Kitchen Filled.png */; };
		109452C91D47E6FF00931DA8 /* Lamp Filled.png in Resources */ = {isa = PBXBuildFile; fileRef = 109452C11D47E6FF00931DA8 /* Lamp Filled.png */; };
		109452CA1D47E6FF00931DA8 /* More Filled.png in Resources */ = {isa = PBXBuildFile; fileRef = 109452C21D47E6FF00931DA8 /* More Filled.png */; };
		109452CB1D47E6FF00931DA8 /* Sofa.png in Resources */ = {isa = PBXBuildFile; fileRef = 109452C31D47E6FF00931DA8 /* Sofa.png */; };
		109D93541D3E9BEB00A14616 /* Splash2ViewController.swift in Sources */ = {isa = PBXBuildFile; fileRef = 109D93531D3E9BEB00A14616 /* Splash2ViewController.swift */; };
		10ADC9A81D0749700028A999 /* AppDelegate.swift in Sources */ = {isa = PBXBuildFile; fileRef = 10ADC9A71D0749700028A999 /* AppDelegate.swift */; };
		10ADC9AA1D0749700028A999 /* ViewController.swift in Sources */ = {isa = PBXBuildFile; fileRef = 10ADC9A91D0749700028A999 /* ViewController.swift */; };
		10ADC9AD1D0749700028A999 /* Main.storyboard in Resources */ = {isa = PBXBuildFile; fileRef = 10ADC9AB1D0749700028A999 /* Main.storyboard */; };
		10ADC9B01D0749700028A999 /* venndor.xcdatamodeld in Sources */ = {isa = PBXBuildFile; fileRef = 10ADC9AE1D0749700028A999 /* venndor.xcdatamodeld */; };
		10ADC9B51D0749700028A999 /* LaunchScreen.storyboard in Resources */ = {isa = PBXBuildFile; fileRef = 10ADC9B31D0749700028A999 /* LaunchScreen.storyboard */; };
		10ADC9C01D0749700028A999 /* venndorTests.swift in Sources */ = {isa = PBXBuildFile; fileRef = 10ADC9BF1D0749700028A999 /* venndorTests.swift */; };
		10ADC9CB1D0749700028A999 /* venndorUITests.swift in Sources */ = {isa = PBXBuildFile; fileRef = 10ADC9CA1D0749700028A999 /* venndorUITests.swift */; };
		10ADC9DF1D074CA40028A999 /* FBSDKCoreKit.framework in Frameworks */ = {isa = PBXBuildFile; fileRef = 10ADC9DC1D074CA40028A999 /* FBSDKCoreKit.framework */; };
		10ADC9E01D074CA40028A999 /* FBSDKLoginKit.framework in Frameworks */ = {isa = PBXBuildFile; fileRef = 10ADC9DD1D074CA40028A999 /* FBSDKLoginKit.framework */; settings = {ATTRIBUTES = (Required, ); }; };
		10ADC9E11D074CA40028A999 /* FBSDKShareKit.framework in Frameworks */ = {isa = PBXBuildFile; fileRef = 10ADC9DE1D074CA40028A999 /* FBSDKShareKit.framework */; };
		10CAD5DC1D3955B800147F66 /* title.png in Resources */ = {isa = PBXBuildFile; fileRef = 10CAD5DB1D3955B800147F66 /* title.png */; };
		10F2CB401D3D1D38007C6477 /* SearchControl.swift in Sources */ = {isa = PBXBuildFile; fileRef = 10F2CB3F1D3D1D38007C6477 /* SearchControl.swift */; };
		10F2CB421D3D4428007C6477 /* LocationConverter.swift in Sources */ = {isa = PBXBuildFile; fileRef = 10F2CB411D3D4428007C6477 /* LocationConverter.swift */; };
		10F6B3371D2D5ED8008B83A8 /* splashGif.gif in Resources */ = {isa = PBXBuildFile; fileRef = 10F6B3361D2D5ED8008B83A8 /* splashGif.gif */; };
		10F6B3391D2D5F78008B83A8 /* MatchController.swift in Sources */ = {isa = PBXBuildFile; fileRef = 10F6B3381D2D5F78008B83A8 /* MatchController.swift */; };
		10FC75E51D3FC48D002A7F63 /* LoginPageViewController.swift in Sources */ = {isa = PBXBuildFile; fileRef = 10FC75E41D3FC48D002A7F63 /* LoginPageViewController.swift */; };
		3232706811CD37BF1F3DFF79 /* Pods_venndorTests.framework in Frameworks */ = {isa = PBXBuildFile; fileRef = 8B75E2CD7F1AEC00B6B30F8B /* Pods_venndorTests.framework */; };
		62EE9C5B3FFF485FC1FC9F96 /* Pods_venndor.framework in Frameworks */ = {isa = PBXBuildFile; fileRef = 051888506CA69C118E1520AC /* Pods_venndor.framework */; };
		63088BA71D187CA900F67931 /* UserManager.swift in Sources */ = {isa = PBXBuildFile; fileRef = 63088BA51D187CA900F67931 /* UserManager.swift */; };
		63088BAC1D187CBA00F67931 /* User.swift in Sources */ = {isa = PBXBuildFile; fileRef = 63088BA91D187CBA00F67931 /* User.swift */; };
		63088BAD1D187CBA00F67931 /* Item.swift in Sources */ = {isa = PBXBuildFile; fileRef = 63088BAA1D187CBA00F67931 /* Item.swift */; };
		63088BAE1D187CBA00F67931 /* Match.swift in Sources */ = {isa = PBXBuildFile; fileRef = 63088BAB1D187CBA00F67931 /* Match.swift */; };
		631069271D1B27B8004A3ADD /* ParserManager.swift in Sources */ = {isa = PBXBuildFile; fileRef = 631069261D1B27B8004A3ADD /* ParserManager.swift */; };
		6319462A1D22F19800715643 /* SeenPostsManager.swift in Sources */ = {isa = PBXBuildFile; fileRef = 631946291D22F19800715643 /* SeenPostsManager.swift */; };
		631F4F531D2829EB005EEFE2 /* RESTEngine.swift in Sources */ = {isa = PBXBuildFile; fileRef = 631F4F521D2829EB005EEFE2 /* RESTEngine.swift */; };
		631F4F551D2829FC005EEFE2 /* ItemManager.swift in Sources */ = {isa = PBXBuildFile; fileRef = 631F4F541D2829FC005EEFE2 /* ItemManager.swift */; };
		631F4F571D2AB5F4005EEFE2 /* ProfilePageViewController.swift in Sources */ = {isa = PBXBuildFile; fileRef = 631F4F561D2AB5F4005EEFE2 /* ProfilePageViewController.swift */; };
		631F4F591D2AEFCD005EEFE2 /* DeleteViewController.swift in Sources */ = {isa = PBXBuildFile; fileRef = 631F4F581D2AEFCD005EEFE2 /* DeleteViewController.swift */; };
		632236AF1D36C06900C321D3 /* ItemContainer.swift in Sources */ = {isa = PBXBuildFile; fileRef = 632236AE1D36C06900C321D3 /* ItemContainer.swift */; };
		632236B11D36C2CD00C321D3 /* ItemInfoViewController.swift in Sources */ = {isa = PBXBuildFile; fileRef = 632236B01D36C2CD00C321D3 /* ItemInfoViewController.swift */; };
		63859A131D13347C004F4968 /* NIKApiInvoker.swift in Sources */ = {isa = PBXBuildFile; fileRef = 63859A101D13347C004F4968 /* NIKApiInvoker.swift */; };
		63859A141D13347C004F4968 /* NIKFile.swift in Sources */ = {isa = PBXBuildFile; fileRef = 63859A111D13347C004F4968 /* NIKFile.swift */; };
		638DF3E81D2C3C7C00319FD8 /* MatchesManager.swift in Sources */ = {isa = PBXBuildFile; fileRef = 638DF3E71D2C3C7C00319FD8 /* MatchesManager.swift */; };
		63C8F7331D189E3D00FFC1E2 /* SplashViewController.swift in Sources */ = {isa = PBXBuildFile; fileRef = 63C8F7321D189E3D00FFC1E2 /* SplashViewController.swift */; };
		63E8DC421D3EB5C70043FEF9 /* TimeManager.swift in Sources */ = {isa = PBXBuildFile; fileRef = 63E8DC411D3EB5C70043FEF9 /* TimeManager.swift */; };
		A61EB1AABD768E2B14D59749 /* Pods_venndorUITests.framework in Frameworks */ = {isa = PBXBuildFile; fileRef = CA9387DB34016E826A2BBEF5 /* Pods_venndorUITests.framework */; };
		E42E04C31D2563330043779F /* WheelSlider.swift in Sources */ = {isa = PBXBuildFile; fileRef = E42E04C21D2563330043779F /* WheelSlider.swift */; };
		E43070E01D22F0B70035BCF4 /* View.swift in Sources */ = {isa = PBXBuildFile; fileRef = E43070DF1D22F0B70035BCF4 /* View.swift */; };
		E43070E21D22F39D0035BCF4 /* OfferView.swift in Sources */ = {isa = PBXBuildFile; fileRef = E43070E11D22F39D0035BCF4 /* OfferView.swift */; };
		E43070E41D22FDC80035BCF4 /* Back_Arrow.png in Resources */ = {isa = PBXBuildFile; fileRef = E43070E31D22FDC80035BCF4 /* Back_Arrow.png */; };
		E43070E61D2312B00035BCF4 /* OfferViewController.swift in Sources */ = {isa = PBXBuildFile; fileRef = E43070E51D2312B00035BCF4 /* OfferViewController.swift */; };
		E43C92B51D189C67003E9CF5 /* ItemNameTextField.swift in Sources */ = {isa = PBXBuildFile; fileRef = E43C92B41D189C67003E9CF5 /* ItemNameTextField.swift */; };
		E44B388C1D39441100733D96 /* use_current_location.png in Resources */ = {isa = PBXBuildFile; fileRef = E44B388B1D39441100733D96 /* use_current_location.png */; };
		E44B38911D396B9C00733D96 /* Checked-100.png in Resources */ = {isa = PBXBuildFile; fileRef = E44B388F1D396B9C00733D96 /* Checked-100.png */; };
		E44B38921D396B9C00733D96 /* Xbox X-100.png in Resources */ = {isa = PBXBuildFile; fileRef = E44B38901D396B9C00733D96 /* Xbox X-100.png */; };
		E44C15181D11B5D00006EBAD /* Shopping Cart Loaded-50.png in Resources */ = {isa = PBXBuildFile; fileRef = E44C15161D11B5D00006EBAD /* Shopping Cart Loaded-50.png */; };
		E44C15191D11B5D00006EBAD /* Megaphone-50.png in Resources */ = {isa = PBXBuildFile; fileRef = E44C15171D11B5D00006EBAD /* Megaphone-50.png */; };
		E44C151C1D11B9650006EBAD /* Settings-50.png in Resources */ = {isa = PBXBuildFile; fileRef = E44C151A1D11B9650006EBAD /* Settings-50.png */; };
		E44C151F1D11B9B90006EBAD /* New Product-50.png in Resources */ = {isa = PBXBuildFile; fileRef = E44C151E1D11B9B90006EBAD /* New Product-50.png */; };
		E44C15211D11B9F90006EBAD /* Home-50.png in Resources */ = {isa = PBXBuildFile; fileRef = E44C15201D11B9F90006EBAD /* Home-50.png */; };
		E44C15231D11C3910006EBAD /* SettingsViewController.swift in Sources */ = {isa = PBXBuildFile; fileRef = E44C15221D11C3910006EBAD /* SettingsViewController.swift */; };
		E44C15291D11C8680006EBAD /* MyPostsViewController.swift in Sources */ = {isa = PBXBuildFile; fileRef = E44C15281D11C8680006EBAD /* MyPostsViewController.swift */; };
		E44C152D1D11CC300006EBAD /* MyMatchesViewController.swift in Sources */ = {isa = PBXBuildFile; fileRef = E44C152C1D11CC300006EBAD /* MyMatchesViewController.swift */; };
		E44C152F1D11D7410006EBAD /* CategoriesMenuController.swift in Sources */ = {isa = PBXBuildFile; fileRef = E44C152E1D11D7410006EBAD /* CategoriesMenuController.swift */; };
		E44C15371D11E0430006EBAD /* More-50.png in Resources */ = {isa = PBXBuildFile; fileRef = E44C15301D11E0430006EBAD /* More-50.png */; };
		E44C15381D11E0430006EBAD /* Chair-50.png in Resources */ = {isa = PBXBuildFile; fileRef = E44C15311D11E0430006EBAD /* Chair-50.png */; };
		E44C15391D11E0430006EBAD /* Generic Book File Type-50.png in Resources */ = {isa = PBXBuildFile; fileRef = E44C15321D11E0430006EBAD /* Generic Book File Type-50.png */; };
		E44C153A1D11E0430006EBAD /* Clothes-50.png in Resources */ = {isa = PBXBuildFile; fileRef = E44C15331D11E0430006EBAD /* Clothes-50.png */; };
		E44C153B1D11E0430006EBAD /* Multiple Devices-50.png in Resources */ = {isa = PBXBuildFile; fileRef = E44C15341D11E0430006EBAD /* Multiple Devices-50.png */; };
		E44C153C1D11E0430006EBAD /* Kitchen-50.png in Resources */ = {isa = PBXBuildFile; fileRef = E44C15351D11E0430006EBAD /* Kitchen-50.png */; };
		E44C153D1D11E0430006EBAD /* Lamp-50.png in Resources */ = {isa = PBXBuildFile; fileRef = E44C15361D11E0430006EBAD /* Lamp-50.png */; };
		E453F0A91D2EC991002637AB /* STRatingControl.swift in Sources */ = {isa = PBXBuildFile; fileRef = E453F0A81D2EC991002637AB /* STRatingControl.swift */; };
		E478AB141D2D5DDB00F00D60 /* PopUpViewControllerSwift.swift in Sources */ = {isa = PBXBuildFile; fileRef = E478AB131D2D5DDB00F00D60 /* PopUpViewControllerSwift.swift */; };
		E48002061D2FEEEE009C90E2 /* Expand Arrow.png in Resources */ = {isa = PBXBuildFile; fileRef = E48002051D2FEEEE009C90E2 /* Expand Arrow.png */; };
		E48002081D2FFAF7009C90E2 /* PopoverViewController.swift in Sources */ = {isa = PBXBuildFile; fileRef = E48002071D2FFAF7009C90E2 /* PopoverViewController.swift */; };
		E4845EE71D37E7F000F4A5B2 /* Star Filled White.png in Resources */ = {isa = PBXBuildFile; fileRef = E4845EE51D37E7F000F4A5B2 /* Star Filled White.png */; };
		E4845EE81D37E7F000F4A5B2 /* Star White.png in Resources */ = {isa = PBXBuildFile; fileRef = E4845EE61D37E7F000F4A5B2 /* Star White.png */; };
		E4845EEA1D3832A500F4A5B2 /* Expand Arrow-100.png in Resources */ = {isa = PBXBuildFile; fileRef = E4845EE91D3832A500F4A5B2 /* Expand Arrow-100.png */; };
		E49051A51D09AF7B0045D5C0 /* DraggableView.swift in Sources */ = {isa = PBXBuildFile; fileRef = E49051A21D09AF7B0045D5C0 /* DraggableView.swift */; };
		E49051A71D09AF7B0045D5C0 /* OverlayView.swift in Sources */ = {isa = PBXBuildFile; fileRef = E49051A41D09AF7B0045D5C0 /* OverlayView.swift */; };
		E49051A91D09B0250045D5C0 /* BrowseViewController.swift in Sources */ = {isa = PBXBuildFile; fileRef = E49051A81D09B0250045D5C0 /* BrowseViewController.swift */; };
		E49051AD1D09B6690045D5C0 /* Images.xcassets in Resources */ = {isa = PBXBuildFile; fileRef = E49051AC1D09B6690045D5C0 /* Images.xcassets */; };
		E49051B01D09C0C90045D5C0 /* SWRevealViewController.m in Sources */ = {isa = PBXBuildFile; fileRef = E49051AF1D09C0C90045D5C0 /* SWRevealViewController.m */; };
		E49051B21D09E5E80045D5C0 /* SideMenuController.swift in Sources */ = {isa = PBXBuildFile; fileRef = E49051B11D09E5E80045D5C0 /* SideMenuController.swift */; };
		E49051B41D0A006B0045D5C0 /* app landing page background.png in Resources */ = {isa = PBXBuildFile; fileRef = E49051B31D0A006B0045D5C0 /* app landing page background.png */; };
		E49051B61D0B245C0045D5C0 /* PostViewController.swift in Sources */ = {isa = PBXBuildFile; fileRef = E49051B51D0B245C0045D5C0 /* PostViewController.swift */; };
		E4992DFF1D2C38D200032221 /* go.png in Resources */ = {isa = PBXBuildFile; fileRef = E4992DFE1D2C38D200032221 /* go.png */; };
		E4992E041D2C4DB300032221 /* match background.png in Resources */ = {isa = PBXBuildFile; fileRef = E4992E031D2C4DB300032221 /* match background.png */; };
		E4A550D51D3D52BB001EAAB3 /* Marker Filled-100.png in Resources */ = {isa = PBXBuildFile; fileRef = E4A550D41D3D52BB001EAAB3 /* Marker Filled-100.png */; };
		E4AB1FF21D30437F00CC7400 /* ImagePicker.framework in Frameworks */ = {isa = PBXBuildFile; fileRef = E4AB1FF11D30437F00CC7400 /* ImagePicker.framework */; };
		E4C0594C1D358E7A00AE51A3 /* Search Filled-100.png in Resources */ = {isa = PBXBuildFile; fileRef = E4C0594B1D358E7A00AE51A3 /* Search Filled-100.png */; };
		E4D4C9DF1D2EDC0200EF0455 /* Star Filled.png in Resources */ = {isa = PBXBuildFile; fileRef = E4D4C9DD1D2EDC0200EF0455 /* Star Filled.png */; };
		E4D4C9E01D2EDC0200EF0455 /* Star Empty.png in Resources */ = {isa = PBXBuildFile; fileRef = E4D4C9DE1D2EDC0200EF0455 /* Star Empty.png */; };
/* End PBXBuildFile section */

/* Begin PBXContainerItemProxy section */
		10ADC9BC1D0749700028A999 /* PBXContainerItemProxy */ = {
			isa = PBXContainerItemProxy;
			containerPortal = 10ADC99C1D0749700028A999 /* Project object */;
			proxyType = 1;
			remoteGlobalIDString = 10ADC9A31D0749700028A999;
			remoteInfo = venndor;
		};
		10ADC9C71D0749700028A999 /* PBXContainerItemProxy */ = {
			isa = PBXContainerItemProxy;
			containerPortal = 10ADC99C1D0749700028A999 /* Project object */;
			proxyType = 1;
			remoteGlobalIDString = 10ADC9A31D0749700028A999;
			remoteInfo = venndor;
		};
/* End PBXContainerItemProxy section */

/* Begin PBXFileReference section */
		051888506CA69C118E1520AC /* Pods_venndor.framework */ = {isa = PBXFileReference; explicitFileType = wrapper.framework; includeInIndex = 0; path = Pods_venndor.framework; sourceTree = BUILT_PRODUCTS_DIR; };
		0CA8EC29EA93828B89F7DE15 /* Pods-venndor.release.xcconfig */ = {isa = PBXFileReference; includeInIndex = 1; lastKnownFileType = text.xcconfig; name = "Pods-venndor.release.xcconfig"; path = "Pods/Target Support Files/Pods-venndor/Pods-venndor.release.xcconfig"; sourceTree = "<group>"; };
		100264521D4155C6009349CA /* venn_price_image.png */ = {isa = PBXFileReference; lastKnownFileType = image.png; path = venn_price_image.png; sourceTree = "<group>"; };
		101F43CD1D107A55007E0ADE /* HeaderView.swift */ = {isa = PBXFileReference; fileEncoding = 4; lastKnownFileType = sourcecode.swift; path = HeaderView.swift; sourceTree = "<group>"; };
		101F43CF1D11A203007E0ADE /* TutorialViewController.swift */ = {isa = PBXFileReference; fileEncoding = 4; lastKnownFileType = sourcecode.swift; path = TutorialViewController.swift; sourceTree = "<group>"; };
		102331931D13267B002C6B3C /* MiniMatchTransitionManager.swift */ = {isa = PBXFileReference; fileEncoding = 4; lastKnownFileType = sourcecode.swift; path = MiniMatchTransitionManager.swift; sourceTree = "<group>"; };
		102806D61D22F11D0019C7FF /* RatingControl.swift */ = {isa = PBXFileReference; fileEncoding = 4; lastKnownFileType = sourcecode.swift; path = RatingControl.swift; sourceTree = "<group>"; };
		103B17071D35686C005AEFDD /* jonasBoettcherController.swift */ = {isa = PBXFileReference; fileEncoding = 4; lastKnownFileType = sourcecode.swift; path = jonasBoettcherController.swift; sourceTree = "<group>"; };
		103D11471D382EB5004CE297 /* OtherHeaderView.swift */ = {isa = PBXFileReference; fileEncoding = 4; lastKnownFileType = sourcecode.swift; path = OtherHeaderView.swift; sourceTree = "<group>"; };
		103D11491D3831CD004CE297 /* MyItemHeaderView.swift */ = {isa = PBXFileReference; fileEncoding = 4; lastKnownFileType = sourcecode.swift; path = MyItemHeaderView.swift; sourceTree = "<group>"; };
		105FCB021D08AB790073E3AE /* TempViewController.swift */ = {isa = PBXFileReference; fileEncoding = 4; lastKnownFileType = sourcecode.swift; path = TempViewController.swift; sourceTree = "<group>"; };
		106E96221D3582C600DBBED0 /* background.jpg */ = {isa = PBXFileReference; lastKnownFileType = image.jpeg; path = background.jpg; sourceTree = "<group>"; };
		106E96241D35896700DBBED0 /* iphone-icon.png */ = {isa = PBXFileReference; lastKnownFileType = image.png; path = "iphone-icon.png"; sourceTree = "<group>"; };
		109452B81D41661A00931DA8 /* venn.png */ = {isa = PBXFileReference; lastKnownFileType = image.png; path = venn.png; sourceTree = "<group>"; };
		109452BC1D47E6FF00931DA8 /* Clothes Filled.png */ = {isa = PBXFileReference; lastKnownFileType = image.png; path = "Clothes Filled.png"; sourceTree = "<group>"; };
		109452BD1D47E6FF00931DA8 /* Computer Filled.png */ = {isa = PBXFileReference; lastKnownFileType = image.png; path = "Computer Filled.png"; sourceTree = "<group>"; };
		109452BE1D47E6FF00931DA8 /* Generic Book File Type Filled.png */ = {isa = PBXFileReference; lastKnownFileType = image.png; path = "Generic Book File Type Filled.png"; sourceTree = "<group>"; };
		109452BF1D47E6FF00931DA8 /* Home.png */ = {isa = PBXFileReference; lastKnownFileType = image.png; path = Home.png; sourceTree = "<group>"; };
		109452C01D47E6FF00931DA8 /* Kitchen Filled.png */ = {isa = PBXFileReference; lastKnownFileType = image.png; path = "Kitchen Filled.png"; sourceTree = "<group>"; };
		109452C11D47E6FF00931DA8 /* Lamp Filled.png */ = {isa = PBXFileReference; lastKnownFileType = image.png; path = "Lamp Filled.png"; sourceTree = "<group>"; };
		109452C21D47E6FF00931DA8 /* More Filled.png */ = {isa = PBXFileReference; lastKnownFileType = image.png; path = "More Filled.png"; sourceTree = "<group>"; };
		109452C31D47E6FF00931DA8 /* Sofa.png */ = {isa = PBXFileReference; lastKnownFileType = image.png; path = Sofa.png; sourceTree = "<group>"; };
		109D93531D3E9BEB00A14616 /* Splash2ViewController.swift */ = {isa = PBXFileReference; fileEncoding = 4; lastKnownFileType = sourcecode.swift; path = Splash2ViewController.swift; sourceTree = "<group>"; };
		10ADC9A41D0749700028A999 /* venndor.app */ = {isa = PBXFileReference; explicitFileType = wrapper.application; includeInIndex = 0; path = venndor.app; sourceTree = BUILT_PRODUCTS_DIR; };
		10ADC9A71D0749700028A999 /* AppDelegate.swift */ = {isa = PBXFileReference; lastKnownFileType = sourcecode.swift; path = AppDelegate.swift; sourceTree = "<group>"; };
		10ADC9A91D0749700028A999 /* ViewController.swift */ = {isa = PBXFileReference; lastKnownFileType = sourcecode.swift; path = ViewController.swift; sourceTree = "<group>"; };
		10ADC9AC1D0749700028A999 /* Base */ = {isa = PBXFileReference; lastKnownFileType = file.storyboard; name = Base; path = Base.lproj/Main.storyboard; sourceTree = "<group>"; };
		10ADC9AF1D0749700028A999 /* venndor.xcdatamodel */ = {isa = PBXFileReference; lastKnownFileType = wrapper.xcdatamodel; path = venndor.xcdatamodel; sourceTree = "<group>"; };
		10ADC9B41D0749700028A999 /* Base */ = {isa = PBXFileReference; lastKnownFileType = file.storyboard; name = Base; path = Base.lproj/LaunchScreen.storyboard; sourceTree = "<group>"; };
		10ADC9B61D0749700028A999 /* Info.plist */ = {isa = PBXFileReference; lastKnownFileType = text.plist.xml; path = Info.plist; sourceTree = "<group>"; };
		10ADC9BB1D0749700028A999 /* venndorTests.xctest */ = {isa = PBXFileReference; explicitFileType = wrapper.cfbundle; includeInIndex = 0; path = venndorTests.xctest; sourceTree = BUILT_PRODUCTS_DIR; };
		10ADC9BF1D0749700028A999 /* venndorTests.swift */ = {isa = PBXFileReference; lastKnownFileType = sourcecode.swift; path = venndorTests.swift; sourceTree = "<group>"; };
		10ADC9C11D0749700028A999 /* Info.plist */ = {isa = PBXFileReference; lastKnownFileType = text.plist.xml; path = Info.plist; sourceTree = "<group>"; };
		10ADC9C61D0749700028A999 /* venndorUITests.xctest */ = {isa = PBXFileReference; explicitFileType = wrapper.cfbundle; includeInIndex = 0; path = venndorUITests.xctest; sourceTree = BUILT_PRODUCTS_DIR; };
		10ADC9CA1D0749700028A999 /* venndorUITests.swift */ = {isa = PBXFileReference; lastKnownFileType = sourcecode.swift; path = venndorUITests.swift; sourceTree = "<group>"; };
		10ADC9CC1D0749700028A999 /* Info.plist */ = {isa = PBXFileReference; lastKnownFileType = text.plist.xml; path = Info.plist; sourceTree = "<group>"; };
		10ADC9DC1D074CA40028A999 /* FBSDKCoreKit.framework */ = {isa = PBXFileReference; lastKnownFileType = wrapper.framework; path = FBSDKCoreKit.framework; sourceTree = "<group>"; };
		10ADC9DD1D074CA40028A999 /* FBSDKLoginKit.framework */ = {isa = PBXFileReference; lastKnownFileType = wrapper.framework; path = FBSDKLoginKit.framework; sourceTree = "<group>"; };
		10ADC9DE1D074CA40028A999 /* FBSDKShareKit.framework */ = {isa = PBXFileReference; lastKnownFileType = wrapper.framework; path = FBSDKShareKit.framework; sourceTree = "<group>"; };
		10ADC9E51D0750CA0028A999 /* venndor-Bridging-Header.h */ = {isa = PBXFileReference; fileEncoding = 4; lastKnownFileType = sourcecode.c.h; path = "venndor-Bridging-Header.h"; sourceTree = "<group>"; };
		10CAD5DB1D3955B800147F66 /* title.png */ = {isa = PBXFileReference; lastKnownFileType = image.png; path = title.png; sourceTree = "<group>"; };
		10F2CB3F1D3D1D38007C6477 /* SearchControl.swift */ = {isa = PBXFileReference; fileEncoding = 4; lastKnownFileType = sourcecode.swift; path = SearchControl.swift; sourceTree = "<group>"; };
		10F2CB411D3D4428007C6477 /* LocationConverter.swift */ = {isa = PBXFileReference; fileEncoding = 4; lastKnownFileType = sourcecode.swift; path = LocationConverter.swift; sourceTree = "<group>"; };
		10F6B3361D2D5ED8008B83A8 /* splashGif.gif */ = {isa = PBXFileReference; lastKnownFileType = image.gif; path = splashGif.gif; sourceTree = "<group>"; };
		10F6B3381D2D5F78008B83A8 /* MatchController.swift */ = {isa = PBXFileReference; fileEncoding = 4; lastKnownFileType = sourcecode.swift; path = MatchController.swift; sourceTree = "<group>"; };
		10FC75E41D3FC48D002A7F63 /* LoginPageViewController.swift */ = {isa = PBXFileReference; fileEncoding = 4; lastKnownFileType = sourcecode.swift; path = LoginPageViewController.swift; sourceTree = "<group>"; };
		63088BA51D187CA900F67931 /* UserManager.swift */ = {isa = PBXFileReference; fileEncoding = 4; lastKnownFileType = sourcecode.swift; path = UserManager.swift; sourceTree = "<group>"; };
		63088BA91D187CBA00F67931 /* User.swift */ = {isa = PBXFileReference; fileEncoding = 4; lastKnownFileType = sourcecode.swift; path = User.swift; sourceTree = "<group>"; };
		63088BAA1D187CBA00F67931 /* Item.swift */ = {isa = PBXFileReference; fileEncoding = 4; lastKnownFileType = sourcecode.swift; path = Item.swift; sourceTree = "<group>"; };
		63088BAB1D187CBA00F67931 /* Match.swift */ = {isa = PBXFileReference; fileEncoding = 4; lastKnownFileType = sourcecode.swift; path = Match.swift; sourceTree = "<group>"; };
		631069261D1B27B8004A3ADD /* ParserManager.swift */ = {isa = PBXFileReference; fileEncoding = 4; lastKnownFileType = sourcecode.swift; path = ParserManager.swift; sourceTree = "<group>"; };
		631946291D22F19800715643 /* SeenPostsManager.swift */ = {isa = PBXFileReference; fileEncoding = 4; lastKnownFileType = sourcecode.swift; path = SeenPostsManager.swift; sourceTree = "<group>"; };
		631F4F521D2829EB005EEFE2 /* RESTEngine.swift */ = {isa = PBXFileReference; fileEncoding = 4; lastKnownFileType = sourcecode.swift; path = RESTEngine.swift; sourceTree = "<group>"; };
		631F4F541D2829FC005EEFE2 /* ItemManager.swift */ = {isa = PBXFileReference; fileEncoding = 4; lastKnownFileType = sourcecode.swift; path = ItemManager.swift; sourceTree = "<group>"; };
		631F4F561D2AB5F4005EEFE2 /* ProfilePageViewController.swift */ = {isa = PBXFileReference; fileEncoding = 4; lastKnownFileType = sourcecode.swift; path = ProfilePageViewController.swift; sourceTree = "<group>"; };
		631F4F581D2AEFCD005EEFE2 /* DeleteViewController.swift */ = {isa = PBXFileReference; fileEncoding = 4; lastKnownFileType = sourcecode.swift; path = DeleteViewController.swift; sourceTree = "<group>"; };
		632236AE1D36C06900C321D3 /* ItemContainer.swift */ = {isa = PBXFileReference; fileEncoding = 4; lastKnownFileType = sourcecode.swift; path = ItemContainer.swift; sourceTree = "<group>"; };
		632236B01D36C2CD00C321D3 /* ItemInfoViewController.swift */ = {isa = PBXFileReference; fileEncoding = 4; lastKnownFileType = sourcecode.swift; path = ItemInfoViewController.swift; sourceTree = "<group>"; };
		63859A101D13347C004F4968 /* NIKApiInvoker.swift */ = {isa = PBXFileReference; fileEncoding = 4; lastKnownFileType = sourcecode.swift; path = NIKApiInvoker.swift; sourceTree = "<group>"; };
		63859A111D13347C004F4968 /* NIKFile.swift */ = {isa = PBXFileReference; fileEncoding = 4; lastKnownFileType = sourcecode.swift; path = NIKFile.swift; sourceTree = "<group>"; };
		638DF3E71D2C3C7C00319FD8 /* MatchesManager.swift */ = {isa = PBXFileReference; fileEncoding = 4; lastKnownFileType = sourcecode.swift; path = MatchesManager.swift; sourceTree = "<group>"; };
		63C8F7321D189E3D00FFC1E2 /* SplashViewController.swift */ = {isa = PBXFileReference; fileEncoding = 4; lastKnownFileType = sourcecode.swift; path = SplashViewController.swift; sourceTree = "<group>"; };
		63E8DC411D3EB5C70043FEF9 /* TimeManager.swift */ = {isa = PBXFileReference; fileEncoding = 4; lastKnownFileType = sourcecode.swift; path = TimeManager.swift; sourceTree = "<group>"; };
		7C9AD43D3AAC3204D361DD5E /* Pods-venndorUITests.release.xcconfig */ = {isa = PBXFileReference; includeInIndex = 1; lastKnownFileType = text.xcconfig; name = "Pods-venndorUITests.release.xcconfig"; path = "Pods/Target Support Files/Pods-venndorUITests/Pods-venndorUITests.release.xcconfig"; sourceTree = "<group>"; };
		8B75E2CD7F1AEC00B6B30F8B /* Pods_venndorTests.framework */ = {isa = PBXFileReference; explicitFileType = wrapper.framework; includeInIndex = 0; path = Pods_venndorTests.framework; sourceTree = BUILT_PRODUCTS_DIR; };
		A114AB9F2FC94F251E43A8FB /* Pods-venndor.debug.xcconfig */ = {isa = PBXFileReference; includeInIndex = 1; lastKnownFileType = text.xcconfig; name = "Pods-venndor.debug.xcconfig"; path = "Pods/Target Support Files/Pods-venndor/Pods-venndor.debug.xcconfig"; sourceTree = "<group>"; };
		B5E5E666F0892E4D453AB7AB /* Pods-venndorTests.debug.xcconfig */ = {isa = PBXFileReference; includeInIndex = 1; lastKnownFileType = text.xcconfig; name = "Pods-venndorTests.debug.xcconfig"; path = "Pods/Target Support Files/Pods-venndorTests/Pods-venndorTests.debug.xcconfig"; sourceTree = "<group>"; };
		CA9387DB34016E826A2BBEF5 /* Pods_venndorUITests.framework */ = {isa = PBXFileReference; explicitFileType = wrapper.framework; includeInIndex = 0; path = Pods_venndorUITests.framework; sourceTree = BUILT_PRODUCTS_DIR; };
		D2DEF2969293315772844D7D /* Pods-venndorUITests.debug.xcconfig */ = {isa = PBXFileReference; includeInIndex = 1; lastKnownFileType = text.xcconfig; name = "Pods-venndorUITests.debug.xcconfig"; path = "Pods/Target Support Files/Pods-venndorUITests/Pods-venndorUITests.debug.xcconfig"; sourceTree = "<group>"; };
		E42E04C21D2563330043779F /* WheelSlider.swift */ = {isa = PBXFileReference; fileEncoding = 4; lastKnownFileType = sourcecode.swift; path = WheelSlider.swift; sourceTree = "<group>"; };
		E43070DF1D22F0B70035BCF4 /* View.swift */ = {isa = PBXFileReference; fileEncoding = 4; lastKnownFileType = sourcecode.swift; path = View.swift; sourceTree = "<group>"; };
		E43070E11D22F39D0035BCF4 /* OfferView.swift */ = {isa = PBXFileReference; fileEncoding = 4; lastKnownFileType = sourcecode.swift; path = OfferView.swift; sourceTree = "<group>"; };
		E43070E31D22FDC80035BCF4 /* Back_Arrow.png */ = {isa = PBXFileReference; lastKnownFileType = image.png; path = Back_Arrow.png; sourceTree = "<group>"; };
		E43070E51D2312B00035BCF4 /* OfferViewController.swift */ = {isa = PBXFileReference; fileEncoding = 4; lastKnownFileType = sourcecode.swift; path = OfferViewController.swift; sourceTree = "<group>"; };
		E43C92B41D189C67003E9CF5 /* ItemNameTextField.swift */ = {isa = PBXFileReference; fileEncoding = 4; lastKnownFileType = sourcecode.swift; path = ItemNameTextField.swift; sourceTree = "<group>"; };
		E44B388B1D39441100733D96 /* use_current_location.png */ = {isa = PBXFileReference; lastKnownFileType = image.png; path = use_current_location.png; sourceTree = "<group>"; };
		E44B388F1D396B9C00733D96 /* Checked-100.png */ = {isa = PBXFileReference; lastKnownFileType = image.png; path = "Checked-100.png"; sourceTree = "<group>"; };
		E44B38901D396B9C00733D96 /* Xbox X-100.png */ = {isa = PBXFileReference; lastKnownFileType = image.png; path = "Xbox X-100.png"; sourceTree = "<group>"; };
		E44C15161D11B5D00006EBAD /* Shopping Cart Loaded-50.png */ = {isa = PBXFileReference; lastKnownFileType = image.png; path = "Shopping Cart Loaded-50.png"; sourceTree = "<group>"; };
		E44C15171D11B5D00006EBAD /* Megaphone-50.png */ = {isa = PBXFileReference; lastKnownFileType = image.png; path = "Megaphone-50.png"; sourceTree = "<group>"; };
		E44C151A1D11B9650006EBAD /* Settings-50.png */ = {isa = PBXFileReference; lastKnownFileType = image.png; path = "Settings-50.png"; sourceTree = "<group>"; };
		E44C151E1D11B9B90006EBAD /* New Product-50.png */ = {isa = PBXFileReference; lastKnownFileType = image.png; path = "New Product-50.png"; sourceTree = "<group>"; };
		E44C15201D11B9F90006EBAD /* Home-50.png */ = {isa = PBXFileReference; lastKnownFileType = image.png; path = "Home-50.png"; sourceTree = "<group>"; };
		E44C15221D11C3910006EBAD /* SettingsViewController.swift */ = {isa = PBXFileReference; fileEncoding = 4; lastKnownFileType = sourcecode.swift; path = SettingsViewController.swift; sourceTree = "<group>"; };
		E44C15281D11C8680006EBAD /* MyPostsViewController.swift */ = {isa = PBXFileReference; fileEncoding = 4; lastKnownFileType = sourcecode.swift; path = MyPostsViewController.swift; sourceTree = "<group>"; };
		E44C152C1D11CC300006EBAD /* MyMatchesViewController.swift */ = {isa = PBXFileReference; fileEncoding = 4; lastKnownFileType = sourcecode.swift; path = MyMatchesViewController.swift; sourceTree = "<group>"; };
		E44C152E1D11D7410006EBAD /* CategoriesMenuController.swift */ = {isa = PBXFileReference; fileEncoding = 4; lastKnownFileType = sourcecode.swift; path = CategoriesMenuController.swift; sourceTree = "<group>"; };
		E44C15301D11E0430006EBAD /* More-50.png */ = {isa = PBXFileReference; lastKnownFileType = image.png; path = "More-50.png"; sourceTree = "<group>"; };
		E44C15311D11E0430006EBAD /* Chair-50.png */ = {isa = PBXFileReference; lastKnownFileType = image.png; path = "Chair-50.png"; sourceTree = "<group>"; };
		E44C15321D11E0430006EBAD /* Generic Book File Type-50.png */ = {isa = PBXFileReference; lastKnownFileType = image.png; path = "Generic Book File Type-50.png"; sourceTree = "<group>"; };
		E44C15331D11E0430006EBAD /* Clothes-50.png */ = {isa = PBXFileReference; lastKnownFileType = image.png; path = "Clothes-50.png"; sourceTree = "<group>"; };
		E44C15341D11E0430006EBAD /* Multiple Devices-50.png */ = {isa = PBXFileReference; lastKnownFileType = image.png; path = "Multiple Devices-50.png"; sourceTree = "<group>"; };
		E44C15351D11E0430006EBAD /* Kitchen-50.png */ = {isa = PBXFileReference; lastKnownFileType = image.png; path = "Kitchen-50.png"; sourceTree = "<group>"; };
		E44C15361D11E0430006EBAD /* Lamp-50.png */ = {isa = PBXFileReference; lastKnownFileType = image.png; path = "Lamp-50.png"; sourceTree = "<group>"; };
		E453F0A81D2EC991002637AB /* STRatingControl.swift */ = {isa = PBXFileReference; fileEncoding = 4; lastKnownFileType = sourcecode.swift; path = STRatingControl.swift; sourceTree = "<group>"; };
		E478AB131D2D5DDB00F00D60 /* PopUpViewControllerSwift.swift */ = {isa = PBXFileReference; fileEncoding = 4; lastKnownFileType = sourcecode.swift; path = PopUpViewControllerSwift.swift; sourceTree = "<group>"; };
		E48002051D2FEEEE009C90E2 /* Expand Arrow.png */ = {isa = PBXFileReference; lastKnownFileType = image.png; path = "Expand Arrow.png"; sourceTree = "<group>"; };
		E48002071D2FFAF7009C90E2 /* PopoverViewController.swift */ = {isa = PBXFileReference; fileEncoding = 4; lastKnownFileType = sourcecode.swift; path = PopoverViewController.swift; sourceTree = "<group>"; };
		E4845EE51D37E7F000F4A5B2 /* Star Filled White.png */ = {isa = PBXFileReference; lastKnownFileType = image.png; path = "Star Filled White.png"; sourceTree = "<group>"; };
		E4845EE61D37E7F000F4A5B2 /* Star White.png */ = {isa = PBXFileReference; lastKnownFileType = image.png; path = "Star White.png"; sourceTree = "<group>"; };
		E4845EE91D3832A500F4A5B2 /* Expand Arrow-100.png */ = {isa = PBXFileReference; lastKnownFileType = image.png; path = "Expand Arrow-100.png"; sourceTree = "<group>"; };
		E49051A21D09AF7B0045D5C0 /* DraggableView.swift */ = {isa = PBXFileReference; fileEncoding = 4; lastKnownFileType = sourcecode.swift; path = DraggableView.swift; sourceTree = "<group>"; };
		E49051A41D09AF7B0045D5C0 /* OverlayView.swift */ = {isa = PBXFileReference; fileEncoding = 4; lastKnownFileType = sourcecode.swift; path = OverlayView.swift; sourceTree = "<group>"; };
		E49051A81D09B0250045D5C0 /* BrowseViewController.swift */ = {isa = PBXFileReference; fileEncoding = 4; lastKnownFileType = sourcecode.swift; path = BrowseViewController.swift; sourceTree = "<group>"; };
		E49051AC1D09B6690045D5C0 /* Images.xcassets */ = {isa = PBXFileReference; lastKnownFileType = folder.assetcatalog; path = Images.xcassets; sourceTree = "<group>"; };
		E49051AE1D09C0C90045D5C0 /* SWRevealViewController.h */ = {isa = PBXFileReference; fileEncoding = 4; lastKnownFileType = sourcecode.c.h; path = SWRevealViewController.h; sourceTree = "<group>"; };
		E49051AF1D09C0C90045D5C0 /* SWRevealViewController.m */ = {isa = PBXFileReference; fileEncoding = 4; lastKnownFileType = sourcecode.c.objc; path = SWRevealViewController.m; sourceTree = "<group>"; };
		E49051B11D09E5E80045D5C0 /* SideMenuController.swift */ = {isa = PBXFileReference; fileEncoding = 4; lastKnownFileType = sourcecode.swift; path = SideMenuController.swift; sourceTree = "<group>"; };
		E49051B31D0A006B0045D5C0 /* app landing page background.png */ = {isa = PBXFileReference; lastKnownFileType = image.png; path = "app landing page background.png"; sourceTree = "<group>"; };
		E49051B51D0B245C0045D5C0 /* PostViewController.swift */ = {isa = PBXFileReference; fileEncoding = 4; lastKnownFileType = sourcecode.swift; path = PostViewController.swift; sourceTree = "<group>"; };
		E4992DFE1D2C38D200032221 /* go.png */ = {isa = PBXFileReference; lastKnownFileType = image.png; path = go.png; sourceTree = "<group>"; };
		E4992E031D2C4DB300032221 /* match background.png */ = {isa = PBXFileReference; lastKnownFileType = image.png; path = "match background.png"; sourceTree = "<group>"; };
		E4A550D41D3D52BB001EAAB3 /* Marker Filled-100.png */ = {isa = PBXFileReference; lastKnownFileType = image.png; path = "Marker Filled-100.png"; sourceTree = "<group>"; };
		E4AB1FF11D30437F00CC7400 /* ImagePicker.framework */ = {isa = PBXFileReference; lastKnownFileType = wrapper.framework; name = ImagePicker.framework; path = "../../../Library/Developer/Xcode/DerivedData/venndor-cjexyuheznflryetuxeryodhnzpo/Build/Products/Debug-iphonesimulator/ImagePicker/ImagePicker.framework"; sourceTree = "<group>"; };
		E4C0594B1D358E7A00AE51A3 /* Search Filled-100.png */ = {isa = PBXFileReference; lastKnownFileType = image.png; path = "Search Filled-100.png"; sourceTree = "<group>"; };
		E4D4C9DD1D2EDC0200EF0455 /* Star Filled.png */ = {isa = PBXFileReference; lastKnownFileType = image.png; path = "Star Filled.png"; sourceTree = "<group>"; };
		E4D4C9DE1D2EDC0200EF0455 /* Star Empty.png */ = {isa = PBXFileReference; lastKnownFileType = image.png; path = "Star Empty.png"; sourceTree = "<group>"; };
		FFD7DAC17D30907788729F4A /* Pods-venndorTests.release.xcconfig */ = {isa = PBXFileReference; includeInIndex = 1; lastKnownFileType = text.xcconfig; name = "Pods-venndorTests.release.xcconfig"; path = "Pods/Target Support Files/Pods-venndorTests/Pods-venndorTests.release.xcconfig"; sourceTree = "<group>"; };
/* End PBXFileReference section */

/* Begin PBXFrameworksBuildPhase section */
		10ADC9A11D0749700028A999 /* Frameworks */ = {
			isa = PBXFrameworksBuildPhase;
			buildActionMask = 2147483647;
			files = (
				E4AB1FF21D30437F00CC7400 /* ImagePicker.framework in Frameworks */,
				10ADC9E01D074CA40028A999 /* FBSDKLoginKit.framework in Frameworks */,
				10ADC9DF1D074CA40028A999 /* FBSDKCoreKit.framework in Frameworks */,
				10ADC9E11D074CA40028A999 /* FBSDKShareKit.framework in Frameworks */,
				62EE9C5B3FFF485FC1FC9F96 /* Pods_venndor.framework in Frameworks */,
			);
			runOnlyForDeploymentPostprocessing = 0;
		};
		10ADC9B81D0749700028A999 /* Frameworks */ = {
			isa = PBXFrameworksBuildPhase;
			buildActionMask = 2147483647;
			files = (
				3232706811CD37BF1F3DFF79 /* Pods_venndorTests.framework in Frameworks */,
			);
			runOnlyForDeploymentPostprocessing = 0;
		};
		10ADC9C31D0749700028A999 /* Frameworks */ = {
			isa = PBXFrameworksBuildPhase;
			buildActionMask = 2147483647;
			files = (
				A61EB1AABD768E2B14D59749 /* Pods_venndorUITests.framework in Frameworks */,
			);
			runOnlyForDeploymentPostprocessing = 0;
		};
/* End PBXFrameworksBuildPhase section */

/* Begin PBXGroup section */
		105FCAFF1D08A5490073E3AE /* ViewControllers */ = {
			isa = PBXGroup;
			children = (
				63C8F7321D189E3D00FFC1E2 /* SplashViewController.swift */,
				E49051A81D09B0250045D5C0 /* BrowseViewController.swift */,
				631F4F561D2AB5F4005EEFE2 /* ProfilePageViewController.swift */,
				105FCB021D08AB790073E3AE /* TempViewController.swift */,
				E49051B11D09E5E80045D5C0 /* SideMenuController.swift */,
				E49051B51D0B245C0045D5C0 /* PostViewController.swift */,
				101F43CF1D11A203007E0ADE /* TutorialViewController.swift */,
				E44C15221D11C3910006EBAD /* SettingsViewController.swift */,
				E44C15281D11C8680006EBAD /* MyPostsViewController.swift */,
				E44C152C1D11CC300006EBAD /* MyMatchesViewController.swift */,
				E44C152E1D11D7410006EBAD /* CategoriesMenuController.swift */,
				E43070E51D2312B00035BCF4 /* OfferViewController.swift */,
				631F4F581D2AEFCD005EEFE2 /* DeleteViewController.swift */,
				E478AB131D2D5DDB00F00D60 /* PopUpViewControllerSwift.swift */,
				E48002071D2FFAF7009C90E2 /* PopoverViewController.swift */,
				632236B01D36C2CD00C321D3 /* ItemInfoViewController.swift */,
				109D93531D3E9BEB00A14616 /* Splash2ViewController.swift */,
				10FC75E41D3FC48D002A7F63 /* LoginPageViewController.swift */,
			);
			name = ViewControllers;
			sourceTree = "<group>";
		};
		10ADC99B1D0749700028A999 = {
			isa = PBXGroup;
			children = (
				10ADC9E51D0750CA0028A999 /* venndor-Bridging-Header.h */,
				10ADC9DB1D074C6F0028A999 /* Framework */,
				10ADC9A61D0749700028A999 /* venndor */,
				10ADC9BE1D0749700028A999 /* venndorTests */,
				10ADC9C91D0749700028A999 /* venndorUITests */,
				10ADC9A51D0749700028A999 /* Products */,
				608B363D56CB7919DFD07BD2 /* Pods */,
				A89B2DE20CB1A18B3D7B1D64 /* Frameworks */,
			);
			sourceTree = "<group>";
		};
		10ADC9A51D0749700028A999 /* Products */ = {
			isa = PBXGroup;
			children = (
				10ADC9A41D0749700028A999 /* venndor.app */,
				10ADC9BB1D0749700028A999 /* venndorTests.xctest */,
				10ADC9C61D0749700028A999 /* venndorUITests.xctest */,
			);
			name = Products;
			sourceTree = "<group>";
		};
		10ADC9A61D0749700028A999 /* venndor */ = {
			isa = PBXGroup;
			children = (
				63859A171D13353F004F4968 /* Model */,
				10ADC9E71D088EB70028A999 /* Controllers */,
				63859A161D13348C004F4968 /* Backend */,
				E49051A11D09AF6B0045D5C0 /* Views */,
				105FCAFF1D08A5490073E3AE /* ViewControllers */,
				10ADC9E21D074D430028A999 /* SupportingFiles */,
				10ADC9A71D0749700028A999 /* AppDelegate.swift */,
				10ADC9A91D0749700028A999 /* ViewController.swift */,
				10ADC9AB1D0749700028A999 /* Main.storyboard */,
				10ADC9B31D0749700028A999 /* LaunchScreen.storyboard */,
				10ADC9AE1D0749700028A999 /* venndor.xcdatamodeld */,
			);
			path = venndor;
			sourceTree = "<group>";
		};
		10ADC9BE1D0749700028A999 /* venndorTests */ = {
			isa = PBXGroup;
			children = (
				10ADC9BF1D0749700028A999 /* venndorTests.swift */,
				10ADC9C11D0749700028A999 /* Info.plist */,
			);
			path = venndorTests;
			sourceTree = "<group>";
		};
		10ADC9C91D0749700028A999 /* venndorUITests */ = {
			isa = PBXGroup;
			children = (
				10ADC9CA1D0749700028A999 /* venndorUITests.swift */,
				10ADC9CC1D0749700028A999 /* Info.plist */,
			);
			path = venndorUITests;
			sourceTree = "<group>";
		};
		10ADC9DB1D074C6F0028A999 /* Framework */ = {
			isa = PBXGroup;
			children = (
				E49051AE1D09C0C90045D5C0 /* SWRevealViewController.h */,
				E49051AF1D09C0C90045D5C0 /* SWRevealViewController.m */,
				10ADC9DC1D074CA40028A999 /* FBSDKCoreKit.framework */,
				10ADC9DD1D074CA40028A999 /* FBSDKLoginKit.framework */,
				10ADC9DE1D074CA40028A999 /* FBSDKShareKit.framework */,
			);
			name = Framework;
			sourceTree = "<group>";
		};
		10ADC9E21D074D430028A999 /* SupportingFiles */ = {
			isa = PBXGroup;
			children = (
				E4992E021D2C4DA200032221 /* Backgrounds */,
				10F6B3361D2D5ED8008B83A8 /* splashGif.gif */,
				E44C153E1D11E04F0006EBAD /* Icons */,
				E49051AC1D09B6690045D5C0 /* Images.xcassets */,
				10ADC9B61D0749700028A999 /* Info.plist */,
			);
			name = SupportingFiles;
			sourceTree = "<group>";
		};
		10ADC9E71D088EB70028A999 /* Controllers */ = {
			isa = PBXGroup;
			children = (
				10F6B3381D2D5F78008B83A8 /* MatchController.swift */,
				63088BA51D187CA900F67931 /* UserManager.swift */,
				631F4F541D2829FC005EEFE2 /* ItemManager.swift */,
				631946291D22F19800715643 /* SeenPostsManager.swift */,
				638DF3E71D2C3C7C00319FD8 /* MatchesManager.swift */,
				631069261D1B27B8004A3ADD /* ParserManager.swift */,
				102331931D13267B002C6B3C /* MiniMatchTransitionManager.swift */,
				103B17071D35686C005AEFDD /* jonasBoettcherController.swift */,
				63E8DC411D3EB5C70043FEF9 /* TimeManager.swift */,
				10F2CB3F1D3D1D38007C6477 /* SearchControl.swift */,
				10F2CB411D3D4428007C6477 /* LocationConverter.swift */,
			);
			name = Controllers;
			sourceTree = "<group>";
		};
		608B363D56CB7919DFD07BD2 /* Pods */ = {
			isa = PBXGroup;
			children = (
				A114AB9F2FC94F251E43A8FB /* Pods-venndor.debug.xcconfig */,
				0CA8EC29EA93828B89F7DE15 /* Pods-venndor.release.xcconfig */,
				B5E5E666F0892E4D453AB7AB /* Pods-venndorTests.debug.xcconfig */,
				FFD7DAC17D30907788729F4A /* Pods-venndorTests.release.xcconfig */,
				D2DEF2969293315772844D7D /* Pods-venndorUITests.debug.xcconfig */,
				7C9AD43D3AAC3204D361DD5E /* Pods-venndorUITests.release.xcconfig */,
			);
			name = Pods;
			sourceTree = "<group>";
		};
		63859A161D13348C004F4968 /* Backend */ = {
			isa = PBXGroup;
			children = (
				631F4F521D2829EB005EEFE2 /* RESTEngine.swift */,
				63859A101D13347C004F4968 /* NIKApiInvoker.swift */,
				63859A111D13347C004F4968 /* NIKFile.swift */,
			);
			name = Backend;
			sourceTree = "<group>";
		};
		63859A171D13353F004F4968 /* Model */ = {
			isa = PBXGroup;
			children = (
				63088BA91D187CBA00F67931 /* User.swift */,
				63088BAA1D187CBA00F67931 /* Item.swift */,
				63088BAB1D187CBA00F67931 /* Match.swift */,
			);
			name = Model;
			sourceTree = "<group>";
		};
		A89B2DE20CB1A18B3D7B1D64 /* Frameworks */ = {
			isa = PBXGroup;
			children = (
				E4AB1FF11D30437F00CC7400 /* ImagePicker.framework */,
				051888506CA69C118E1520AC /* Pods_venndor.framework */,
				8B75E2CD7F1AEC00B6B30F8B /* Pods_venndorTests.framework */,
				CA9387DB34016E826A2BBEF5 /* Pods_venndorUITests.framework */,
			);
			name = Frameworks;
			sourceTree = "<group>";
		};
		E44C153E1D11E04F0006EBAD /* Icons */ = {
			isa = PBXGroup;
			children = (
				109452BC1D47E6FF00931DA8 /* Clothes Filled.png */,
				109452BD1D47E6FF00931DA8 /* Computer Filled.png */,
				109452BE1D47E6FF00931DA8 /* Generic Book File Type Filled.png */,
				109452BF1D47E6FF00931DA8 /* Home.png */,
				109452C01D47E6FF00931DA8 /* Kitchen Filled.png */,
				109452C11D47E6FF00931DA8 /* Lamp Filled.png */,
				109452C21D47E6FF00931DA8 /* More Filled.png */,
				109452C31D47E6FF00931DA8 /* Sofa.png */,
				109452B81D41661A00931DA8 /* venn.png */,
				100264521D4155C6009349CA /* venn_price_image.png */,
				E4A550D41D3D52BB001EAAB3 /* Marker Filled-100.png */,
				E44B388F1D396B9C00733D96 /* Checked-100.png */,
				E44B38901D396B9C00733D96 /* Xbox X-100.png */,
				E44B388B1D39441100733D96 /* use_current_location.png */,
				E4845EE91D3832A500F4A5B2 /* Expand Arrow-100.png */,
				E4845EE51D37E7F000F4A5B2 /* Star Filled White.png */,
				E4845EE61D37E7F000F4A5B2 /* Star White.png */,
				10CAD5DB1D3955B800147F66 /* title.png */,
				106E96241D35896700DBBED0 /* iphone-icon.png */,
				E4C0594B1D358E7A00AE51A3 /* Search Filled-100.png */,
				E48002051D2FEEEE009C90E2 /* Expand Arrow.png */,
				E4D4C9DD1D2EDC0200EF0455 /* Star Filled.png */,
				E4D4C9DE1D2EDC0200EF0455 /* Star Empty.png */,
				E4992DFE1D2C38D200032221 /* go.png */,
				E43070E31D22FDC80035BCF4 /* Back_Arrow.png */,
				E44C15301D11E0430006EBAD /* More-50.png */,
				E44C15311D11E0430006EBAD /* Chair-50.png */,
				E44C15321D11E0430006EBAD /* Generic Book File Type-50.png */,
				E44C15331D11E0430006EBAD /* Clothes-50.png */,
				E44C15341D11E0430006EBAD /* Multiple Devices-50.png */,
				E44C15351D11E0430006EBAD /* Kitchen-50.png */,
				E44C15361D11E0430006EBAD /* Lamp-50.png */,
				E49051B31D0A006B0045D5C0 /* app landing page background.png */,
				E44C15161D11B5D00006EBAD /* Shopping Cart Loaded-50.png */,
				E44C15171D11B5D00006EBAD /* Megaphone-50.png */,
				E44C151A1D11B9650006EBAD /* Settings-50.png */,
				E44C151E1D11B9B90006EBAD /* New Product-50.png */,
				E44C15201D11B9F90006EBAD /* Home-50.png */,
			);
			name = Icons;
			sourceTree = "<group>";
		};
		E49051A11D09AF6B0045D5C0 /* Views */ = {
			isa = PBXGroup;
			children = (
				E453F0A81D2EC991002637AB /* STRatingControl.swift */,
				E42E04C21D2563330043779F /* WheelSlider.swift */,
				E49051A21D09AF7B0045D5C0 /* DraggableView.swift */,
				E49051A41D09AF7B0045D5C0 /* OverlayView.swift */,
				101F43CD1D107A55007E0ADE /* HeaderView.swift */,
				E43C92B41D189C67003E9CF5 /* ItemNameTextField.swift */,
				E43070DF1D22F0B70035BCF4 /* View.swift */,
				E43070E11D22F39D0035BCF4 /* OfferView.swift */,
				102806D61D22F11D0019C7FF /* RatingControl.swift */,
				632236AE1D36C06900C321D3 /* ItemContainer.swift */,
				103D11471D382EB5004CE297 /* OtherHeaderView.swift */,
				103D11491D3831CD004CE297 /* MyItemHeaderView.swift */,
			);
			name = Views;
			sourceTree = "<group>";
		};
		E4992E021D2C4DA200032221 /* Backgrounds */ = {
			isa = PBXGroup;
			children = (
				106E96221D3582C600DBBED0 /* background.jpg */,
				E4992E031D2C4DB300032221 /* match background.png */,
			);
			name = Backgrounds;
			sourceTree = "<group>";
		};
/* End PBXGroup section */

/* Begin PBXNativeTarget section */
		10ADC9A31D0749700028A999 /* venndor */ = {
			isa = PBXNativeTarget;
			buildConfigurationList = 10ADC9CF1D0749700028A999 /* Build configuration list for PBXNativeTarget "venndor" */;
			buildPhases = (
				474806603428D0C7EC602C35 /* [CP] Check Pods Manifest.lock */,
				10ADC9A01D0749700028A999 /* Sources */,
				10ADC9A11D0749700028A999 /* Frameworks */,
				10ADC9A21D0749700028A999 /* Resources */,
				CC6A05A149C38351509E4670 /* [CP] Embed Pods Frameworks */,
				89B441F6498BB23B20717901 /* [CP] Copy Pods Resources */,
			);
			buildRules = (
			);
			dependencies = (
			);
			name = venndor;
			productName = venndor;
			productReference = 10ADC9A41D0749700028A999 /* venndor.app */;
			productType = "com.apple.product-type.application";
		};
		10ADC9BA1D0749700028A999 /* venndorTests */ = {
			isa = PBXNativeTarget;
			buildConfigurationList = 10ADC9D21D0749700028A999 /* Build configuration list for PBXNativeTarget "venndorTests" */;
			buildPhases = (
				C5655C3079036FCFC30432A8 /* [CP] Check Pods Manifest.lock */,
				10ADC9B71D0749700028A999 /* Sources */,
				10ADC9B81D0749700028A999 /* Frameworks */,
				10ADC9B91D0749700028A999 /* Resources */,
				1F9CF7274D1422AE4433C6B0 /* [CP] Embed Pods Frameworks */,
				678FBE7366130A85F04F602C /* [CP] Copy Pods Resources */,
			);
			buildRules = (
			);
			dependencies = (
				10ADC9BD1D0749700028A999 /* PBXTargetDependency */,
			);
			name = venndorTests;
			productName = venndorTests;
			productReference = 10ADC9BB1D0749700028A999 /* venndorTests.xctest */;
			productType = "com.apple.product-type.bundle.unit-test";
		};
		10ADC9C51D0749700028A999 /* venndorUITests */ = {
			isa = PBXNativeTarget;
			buildConfigurationList = 10ADC9D51D0749700028A999 /* Build configuration list for PBXNativeTarget "venndorUITests" */;
			buildPhases = (
				BD9E439B3A44B1A23E08A1D8 /* [CP] Check Pods Manifest.lock */,
				10ADC9C21D0749700028A999 /* Sources */,
				10ADC9C31D0749700028A999 /* Frameworks */,
				10ADC9C41D0749700028A999 /* Resources */,
				258D5A7FBA1E0EAC724A7176 /* [CP] Copy Pods Resources */,
			);
			buildRules = (
			);
			dependencies = (
				10ADC9C81D0749700028A999 /* PBXTargetDependency */,
			);
			name = venndorUITests;
			productName = venndorUITests;
			productReference = 10ADC9C61D0749700028A999 /* venndorUITests.xctest */;
			productType = "com.apple.product-type.bundle.ui-testing";
		};
/* End PBXNativeTarget section */

/* Begin PBXProject section */
		10ADC99C1D0749700028A999 /* Project object */ = {
			isa = PBXProject;
			attributes = {
				LastSwiftUpdateCheck = 0720;
				LastUpgradeCheck = 0720;
				ORGANIZATIONNAME = Venndor;
				TargetAttributes = {
					10ADC9A31D0749700028A999 = {
						CreatedOnToolsVersion = 7.2.1;
						DevelopmentTeam = N8Y2943A23;
					};
					10ADC9BA1D0749700028A999 = {
						CreatedOnToolsVersion = 7.2.1;
						TestTargetID = 10ADC9A31D0749700028A999;
					};
					10ADC9C51D0749700028A999 = {
						CreatedOnToolsVersion = 7.2.1;
						TestTargetID = 10ADC9A31D0749700028A999;
					};
				};
			};
			buildConfigurationList = 10ADC99F1D0749700028A999 /* Build configuration list for PBXProject "venndor" */;
			compatibilityVersion = "Xcode 3.2";
			developmentRegion = English;
			hasScannedForEncodings = 0;
			knownRegions = (
				en,
				Base,
			);
			mainGroup = 10ADC99B1D0749700028A999;
			productRefGroup = 10ADC9A51D0749700028A999 /* Products */;
			projectDirPath = "";
			projectRoot = "";
			targets = (
				10ADC9A31D0749700028A999 /* venndor */,
				10ADC9BA1D0749700028A999 /* venndorTests */,
				10ADC9C51D0749700028A999 /* venndorUITests */,
			);
		};
/* End PBXProject section */

/* Begin PBXResourcesBuildPhase section */
		10ADC9A21D0749700028A999 /* Resources */ = {
			isa = PBXResourcesBuildPhase;
			buildActionMask = 2147483647;
			files = (
				109452CB1D47E6FF00931DA8 /* Sofa.png in Resources */,
				E44C15391D11E0430006EBAD /* Generic Book File Type-50.png in Resources */,
				E44C15211D11B9F90006EBAD /* Home-50.png in Resources */,
				109452B91D41661A00931DA8 /* venn.png in Resources */,
				109452C51D47E6FF00931DA8 /* Computer Filled.png in Resources */,
				E4845EE71D37E7F000F4A5B2 /* Star Filled White.png in Resources */,
				E44C151C1D11B9650006EBAD /* Settings-50.png in Resources */,
				E4A550D51D3D52BB001EAAB3 /* Marker Filled-100.png in Resources */,
				E49051AD1D09B6690045D5C0 /* Images.xcassets in Resources */,
				E43070E41D22FDC80035BCF4 /* Back_Arrow.png in Resources */,
				E4992DFF1D2C38D200032221 /* go.png in Resources */,
				E44C153C1D11E0430006EBAD /* Kitchen-50.png in Resources */,
				E44B388C1D39441100733D96 /* use_current_location.png in Resources */,
				109452C71D47E6FF00931DA8 /* Home.png in Resources */,
				E4C0594C1D358E7A00AE51A3 /* Search Filled-100.png in Resources */,
				E44C151F1D11B9B90006EBAD /* New Product-50.png in Resources */,
				109452CA1D47E6FF00931DA8 /* More Filled.png in Resources */,
				106E96251D35896700DBBED0 /* iphone-icon.png in Resources */,
				100264531D4155C6009349CA /* venn_price_image.png in Resources */,
				E4992E041D2C4DB300032221 /* match background.png in Resources */,
				E4D4C9E01D2EDC0200EF0455 /* Star Empty.png in Resources */,
				E44C15191D11B5D00006EBAD /* Megaphone-50.png in Resources */,
				10CAD5DC1D3955B800147F66 /* title.png in Resources */,
				E48002061D2FEEEE009C90E2 /* Expand Arrow.png in Resources */,
				109452C61D47E6FF00931DA8 /* Generic Book File Type Filled.png in Resources */,
				E4845EE81D37E7F000F4A5B2 /* Star White.png in Resources */,
				109452C41D47E6FF00931DA8 /* Clothes Filled.png in Resources */,
				E44C15381D11E0430006EBAD /* Chair-50.png in Resources */,
				E4845EEA1D3832A500F4A5B2 /* Expand Arrow-100.png in Resources */,
				10F6B3371D2D5ED8008B83A8 /* splashGif.gif in Resources */,
				E49051B41D0A006B0045D5C0 /* app landing page background.png in Resources */,
				109452C81D47E6FF00931DA8 /* Kitchen Filled.png in Resources */,
				E44B38911D396B9C00733D96 /* Checked-100.png in Resources */,
				10ADC9B51D0749700028A999 /* LaunchScreen.storyboard in Resources */,
				E44C153D1D11E0430006EBAD /* Lamp-50.png in Resources */,
				E44B38921D396B9C00733D96 /* Xbox X-100.png in Resources */,
				109452C91D47E6FF00931DA8 /* Lamp Filled.png in Resources */,
				E44C153B1D11E0430006EBAD /* Multiple Devices-50.png in Resources */,
				E4D4C9DF1D2EDC0200EF0455 /* Star Filled.png in Resources */,
				E44C15371D11E0430006EBAD /* More-50.png in Resources */,
				E44C15181D11B5D00006EBAD /* Shopping Cart Loaded-50.png in Resources */,
				106E96231D3582C600DBBED0 /* background.jpg in Resources */,
				E44C153A1D11E0430006EBAD /* Clothes-50.png in Resources */,
				10ADC9AD1D0749700028A999 /* Main.storyboard in Resources */,
			);
			runOnlyForDeploymentPostprocessing = 0;
		};
		10ADC9B91D0749700028A999 /* Resources */ = {
			isa = PBXResourcesBuildPhase;
			buildActionMask = 2147483647;
			files = (
			);
			runOnlyForDeploymentPostprocessing = 0;
		};
		10ADC9C41D0749700028A999 /* Resources */ = {
			isa = PBXResourcesBuildPhase;
			buildActionMask = 2147483647;
			files = (
			);
			runOnlyForDeploymentPostprocessing = 0;
		};
/* End PBXResourcesBuildPhase section */

/* Begin PBXShellScriptBuildPhase section */
		1F9CF7274D1422AE4433C6B0 /* [CP] Embed Pods Frameworks */ = {
			isa = PBXShellScriptBuildPhase;
			buildActionMask = 2147483647;
			files = (
			);
			inputPaths = (
			);
			name = "[CP] Embed Pods Frameworks";
			outputPaths = (
			);
			runOnlyForDeploymentPostprocessing = 0;
			shellPath = /bin/sh;
			shellScript = "\"${SRCROOT}/Pods/Target Support Files/Pods-venndorTests/Pods-venndorTests-frameworks.sh\"\n";
			showEnvVarsInLog = 0;
		};
		258D5A7FBA1E0EAC724A7176 /* [CP] Copy Pods Resources */ = {
			isa = PBXShellScriptBuildPhase;
			buildActionMask = 2147483647;
			files = (
			);
			inputPaths = (
			);
			name = "[CP] Copy Pods Resources";
			outputPaths = (
			);
			runOnlyForDeploymentPostprocessing = 0;
			shellPath = /bin/sh;
			shellScript = "\"${SRCROOT}/Pods/Target Support Files/Pods-venndorUITests/Pods-venndorUITests-resources.sh\"\n";
			showEnvVarsInLog = 0;
		};
		474806603428D0C7EC602C35 /* [CP] Check Pods Manifest.lock */ = {
			isa = PBXShellScriptBuildPhase;
			buildActionMask = 2147483647;
			files = (
			);
			inputPaths = (
			);
			name = "[CP] Check Pods Manifest.lock";
			outputPaths = (
			);
			runOnlyForDeploymentPostprocessing = 0;
			shellPath = /bin/sh;
			shellScript = "diff \"${PODS_ROOT}/../Podfile.lock\" \"${PODS_ROOT}/Manifest.lock\" > /dev/null\nif [[ $? != 0 ]] ; then\n    cat << EOM\nerror: The sandbox is not in sync with the Podfile.lock. Run 'pod install' or update your CocoaPods installation.\nEOM\n    exit 1\nfi\n";
			showEnvVarsInLog = 0;
		};
		678FBE7366130A85F04F602C /* [CP] Copy Pods Resources */ = {
			isa = PBXShellScriptBuildPhase;
			buildActionMask = 2147483647;
			files = (
			);
			inputPaths = (
			);
			name = "[CP] Copy Pods Resources";
			outputPaths = (
			);
			runOnlyForDeploymentPostprocessing = 0;
			shellPath = /bin/sh;
			shellScript = "\"${SRCROOT}/Pods/Target Support Files/Pods-venndorTests/Pods-venndorTests-resources.sh\"\n";
			showEnvVarsInLog = 0;
		};
		89B441F6498BB23B20717901 /* [CP] Copy Pods Resources */ = {
			isa = PBXShellScriptBuildPhase;
			buildActionMask = 2147483647;
			files = (
			);
			inputPaths = (
			);
			name = "[CP] Copy Pods Resources";
			outputPaths = (
			);
			runOnlyForDeploymentPostprocessing = 0;
			shellPath = /bin/sh;
			shellScript = "\"${SRCROOT}/Pods/Target Support Files/Pods-venndor/Pods-venndor-resources.sh\"\n";
			showEnvVarsInLog = 0;
		};
		BD9E439B3A44B1A23E08A1D8 /* [CP] Check Pods Manifest.lock */ = {
			isa = PBXShellScriptBuildPhase;
			buildActionMask = 2147483647;
			files = (
			);
			inputPaths = (
			);
			name = "[CP] Check Pods Manifest.lock";
			outputPaths = (
			);
			runOnlyForDeploymentPostprocessing = 0;
			shellPath = /bin/sh;
			shellScript = "diff \"${PODS_ROOT}/../Podfile.lock\" \"${PODS_ROOT}/Manifest.lock\" > /dev/null\nif [[ $? != 0 ]] ; then\n    cat << EOM\nerror: The sandbox is not in sync with the Podfile.lock. Run 'pod install' or update your CocoaPods installation.\nEOM\n    exit 1\nfi\n";
			showEnvVarsInLog = 0;
		};
		C5655C3079036FCFC30432A8 /* [CP] Check Pods Manifest.lock */ = {
			isa = PBXShellScriptBuildPhase;
			buildActionMask = 2147483647;
			files = (
			);
			inputPaths = (
			);
			name = "[CP] Check Pods Manifest.lock";
			outputPaths = (
			);
			runOnlyForDeploymentPostprocessing = 0;
			shellPath = /bin/sh;
			shellScript = "diff \"${PODS_ROOT}/../Podfile.lock\" \"${PODS_ROOT}/Manifest.lock\" > /dev/null\nif [[ $? != 0 ]] ; then\n    cat << EOM\nerror: The sandbox is not in sync with the Podfile.lock. Run 'pod install' or update your CocoaPods installation.\nEOM\n    exit 1\nfi\n";
			showEnvVarsInLog = 0;
		};
		CC6A05A149C38351509E4670 /* [CP] Embed Pods Frameworks */ = {
			isa = PBXShellScriptBuildPhase;
			buildActionMask = 2147483647;
			files = (
			);
			inputPaths = (
			);
			name = "[CP] Embed Pods Frameworks";
			outputPaths = (
			);
			runOnlyForDeploymentPostprocessing = 0;
			shellPath = /bin/sh;
			shellScript = "\"${SRCROOT}/Pods/Target Support Files/Pods-venndor/Pods-venndor-frameworks.sh\"\n";
			showEnvVarsInLog = 0;
		};
/* End PBXShellScriptBuildPhase section */

/* Begin PBXSourcesBuildPhase section */
		10ADC9A01D0749700028A999 /* Sources */ = {
			isa = PBXSourcesBuildPhase;
			buildActionMask = 2147483647;
			files = (
				10FC75E51D3FC48D002A7F63 /* LoginPageViewController.swift in Sources */,
				E42E04C31D2563330043779F /* WheelSlider.swift in Sources */,
				E49051B61D0B245C0045D5C0 /* PostViewController.swift in Sources */,
				102806D71D22F11D0019C7FF /* RatingControl.swift in Sources */,
				10F2CB421D3D4428007C6477 /* LocationConverter.swift in Sources */,
				E43070E01D22F0B70035BCF4 /* View.swift in Sources */,
				10F2CB401D3D1D38007C6477 /* SearchControl.swift in Sources */,
				E49051B21D09E5E80045D5C0 /* SideMenuController.swift in Sources */,
				632236AF1D36C06900C321D3 /* ItemContainer.swift in Sources */,
				E49051A71D09AF7B0045D5C0 /* OverlayView.swift in Sources */,
				E49051A51D09AF7B0045D5C0 /* DraggableView.swift in Sources */,
				63859A131D13347C004F4968 /* NIKApiInvoker.swift in Sources */,
				63E8DC421D3EB5C70043FEF9 /* TimeManager.swift in Sources */,
				103D11481D382EB5004CE297 /* OtherHeaderView.swift in Sources */,
				E44C15291D11C8680006EBAD /* MyPostsViewController.swift in Sources */,
				E44C152D1D11CC300006EBAD /* MyMatchesViewController.swift in Sources */,
				63C8F7331D189E3D00FFC1E2 /* SplashViewController.swift in Sources */,
				E43C92B51D189C67003E9CF5 /* ItemNameTextField.swift in Sources */,
				105FCB031D08AB790073E3AE /* TempViewController.swift in Sources */,
				109D93541D3E9BEB00A14616 /* Splash2ViewController.swift in Sources */,
				63859A141D13347C004F4968 /* NIKFile.swift in Sources */,
				E453F0A91D2EC991002637AB /* STRatingControl.swift in Sources */,
				103B17081D35686C005AEFDD /* jonasBoettcherController.swift in Sources */,
				101F43D01D11A203007E0ADE /* TutorialViewController.swift in Sources */,
				10ADC9B01D0749700028A999 /* venndor.xcdatamodeld in Sources */,
				E478AB141D2D5DDB00F00D60 /* PopUpViewControllerSwift.swift in Sources */,
				632236B11D36C2CD00C321D3 /* ItemInfoViewController.swift in Sources */,
				E44C15231D11C3910006EBAD /* SettingsViewController.swift in Sources */,
				63088BA71D187CA900F67931 /* UserManager.swift in Sources */,
				E49051A91D09B0250045D5C0 /* BrowseViewController.swift in Sources */,
				631069271D1B27B8004A3ADD /* ParserManager.swift in Sources */,
				631F4F571D2AB5F4005EEFE2 /* ProfilePageViewController.swift in Sources */,
				E49051B01D09C0C90045D5C0 /* SWRevealViewController.m in Sources */,
				638DF3E81D2C3C7C00319FD8 /* MatchesManager.swift in Sources */,
				63088BAC1D187CBA00F67931 /* User.swift in Sources */,
				10ADC9AA1D0749700028A999 /* ViewController.swift in Sources */,
				631F4F531D2829EB005EEFE2 /* RESTEngine.swift in Sources */,
				E44C152F1D11D7410006EBAD /* CategoriesMenuController.swift in Sources */,
				E43070E61D2312B00035BCF4 /* OfferViewController.swift in Sources */,
				63088BAE1D187CBA00F67931 /* Match.swift in Sources */,
				103D114A1D3831CD004CE297 /* MyItemHeaderView.swift in Sources */,
				6319462A1D22F19800715643 /* SeenPostsManager.swift in Sources */,
				10ADC9A81D0749700028A999 /* AppDelegate.swift in Sources */,
				E43070E21D22F39D0035BCF4 /* OfferView.swift in Sources */,
				10F6B3391D2D5F78008B83A8 /* MatchController.swift in Sources */,
				101F43CE1D107A55007E0ADE /* HeaderView.swift in Sources */,
				102331941D13267B002C6B3C /* MiniMatchTransitionManager.swift in Sources */,
				E48002081D2FFAF7009C90E2 /* PopoverViewController.swift in Sources */,
				631F4F551D2829FC005EEFE2 /* ItemManager.swift in Sources */,
				63088BAD1D187CBA00F67931 /* Item.swift in Sources */,
				631F4F591D2AEFCD005EEFE2 /* DeleteViewController.swift in Sources */,
			);
			runOnlyForDeploymentPostprocessing = 0;
		};
		10ADC9B71D0749700028A999 /* Sources */ = {
			isa = PBXSourcesBuildPhase;
			buildActionMask = 2147483647;
			files = (
				10ADC9C01D0749700028A999 /* venndorTests.swift in Sources */,
			);
			runOnlyForDeploymentPostprocessing = 0;
		};
		10ADC9C21D0749700028A999 /* Sources */ = {
			isa = PBXSourcesBuildPhase;
			buildActionMask = 2147483647;
			files = (
				10ADC9CB1D0749700028A999 /* venndorUITests.swift in Sources */,
			);
			runOnlyForDeploymentPostprocessing = 0;
		};
/* End PBXSourcesBuildPhase section */

/* Begin PBXTargetDependency section */
		10ADC9BD1D0749700028A999 /* PBXTargetDependency */ = {
			isa = PBXTargetDependency;
			target = 10ADC9A31D0749700028A999 /* venndor */;
			targetProxy = 10ADC9BC1D0749700028A999 /* PBXContainerItemProxy */;
		};
		10ADC9C81D0749700028A999 /* PBXTargetDependency */ = {
			isa = PBXTargetDependency;
			target = 10ADC9A31D0749700028A999 /* venndor */;
			targetProxy = 10ADC9C71D0749700028A999 /* PBXContainerItemProxy */;
		};
/* End PBXTargetDependency section */

/* Begin PBXVariantGroup section */
		10ADC9AB1D0749700028A999 /* Main.storyboard */ = {
			isa = PBXVariantGroup;
			children = (
				10ADC9AC1D0749700028A999 /* Base */,
			);
			name = Main.storyboard;
			sourceTree = "<group>";
		};
		10ADC9B31D0749700028A999 /* LaunchScreen.storyboard */ = {
			isa = PBXVariantGroup;
			children = (
				10ADC9B41D0749700028A999 /* Base */,
			);
			name = LaunchScreen.storyboard;
			sourceTree = "<group>";
		};
/* End PBXVariantGroup section */

/* Begin XCBuildConfiguration section */
		10ADC9CD1D0749700028A999 /* Debug */ = {
			isa = XCBuildConfiguration;
			buildSettings = {
				ALWAYS_SEARCH_USER_PATHS = NO;
				CLANG_CXX_LANGUAGE_STANDARD = "gnu++0x";
				CLANG_CXX_LIBRARY = "libc++";
				CLANG_ENABLE_MODULES = YES;
				CLANG_ENABLE_OBJC_ARC = YES;
				CLANG_WARN_BOOL_CONVERSION = YES;
				CLANG_WARN_CONSTANT_CONVERSION = YES;
				CLANG_WARN_DIRECT_OBJC_ISA_USAGE = YES_ERROR;
				CLANG_WARN_EMPTY_BODY = YES;
				CLANG_WARN_ENUM_CONVERSION = YES;
				CLANG_WARN_INT_CONVERSION = YES;
				CLANG_WARN_OBJC_ROOT_CLASS = YES_ERROR;
				CLANG_WARN_UNREACHABLE_CODE = YES;
				CLANG_WARN__DUPLICATE_METHOD_MATCH = YES;
				CODE_SIGN_IDENTITY = "iPhone Developer";
				"CODE_SIGN_IDENTITY[sdk=iphoneos*]" = "iPhone Developer";
				COPY_PHASE_STRIP = NO;
				DEBUG_INFORMATION_FORMAT = dwarf;
				ENABLE_STRICT_OBJC_MSGSEND = YES;
				ENABLE_TESTABILITY = YES;
				GCC_C_LANGUAGE_STANDARD = gnu99;
				GCC_DYNAMIC_NO_PIC = NO;
				GCC_NO_COMMON_BLOCKS = YES;
				GCC_OPTIMIZATION_LEVEL = 0;
				GCC_PREPROCESSOR_DEFINITIONS = (
					"DEBUG=1",
					"$(inherited)",
				);
				GCC_WARN_64_TO_32_BIT_CONVERSION = YES;
				GCC_WARN_ABOUT_RETURN_TYPE = YES_ERROR;
				GCC_WARN_UNDECLARED_SELECTOR = YES;
				GCC_WARN_UNINITIALIZED_AUTOS = YES_AGGRESSIVE;
				GCC_WARN_UNUSED_FUNCTION = YES;
				GCC_WARN_UNUSED_VARIABLE = YES;
				IPHONEOS_DEPLOYMENT_TARGET = 9.2;
				MTL_ENABLE_DEBUG_INFO = YES;
				ONLY_ACTIVE_ARCH = YES;
				OTHER_LDFLAGS = "-ObjC";
				SDKROOT = iphoneos;
				SWIFT_OPTIMIZATION_LEVEL = "-Onone";
				TARGETED_DEVICE_FAMILY = "1,2";
			};
			name = Debug;
		};
		10ADC9CE1D0749700028A999 /* Release */ = {
			isa = XCBuildConfiguration;
			buildSettings = {
				ALWAYS_SEARCH_USER_PATHS = NO;
				CLANG_CXX_LANGUAGE_STANDARD = "gnu++0x";
				CLANG_CXX_LIBRARY = "libc++";
				CLANG_ENABLE_MODULES = YES;
				CLANG_ENABLE_OBJC_ARC = YES;
				CLANG_WARN_BOOL_CONVERSION = YES;
				CLANG_WARN_CONSTANT_CONVERSION = YES;
				CLANG_WARN_DIRECT_OBJC_ISA_USAGE = YES_ERROR;
				CLANG_WARN_EMPTY_BODY = YES;
				CLANG_WARN_ENUM_CONVERSION = YES;
				CLANG_WARN_INT_CONVERSION = YES;
				CLANG_WARN_OBJC_ROOT_CLASS = YES_ERROR;
				CLANG_WARN_UNREACHABLE_CODE = YES;
				CLANG_WARN__DUPLICATE_METHOD_MATCH = YES;
				CODE_SIGN_IDENTITY = "iPhone Developer";
				"CODE_SIGN_IDENTITY[sdk=iphoneos*]" = "iPhone Developer";
				COPY_PHASE_STRIP = NO;
				DEBUG_INFORMATION_FORMAT = "dwarf-with-dsym";
				ENABLE_NS_ASSERTIONS = NO;
				ENABLE_STRICT_OBJC_MSGSEND = YES;
				GCC_C_LANGUAGE_STANDARD = gnu99;
				GCC_NO_COMMON_BLOCKS = YES;
				GCC_WARN_64_TO_32_BIT_CONVERSION = YES;
				GCC_WARN_ABOUT_RETURN_TYPE = YES_ERROR;
				GCC_WARN_UNDECLARED_SELECTOR = YES;
				GCC_WARN_UNINITIALIZED_AUTOS = YES_AGGRESSIVE;
				GCC_WARN_UNUSED_FUNCTION = YES;
				GCC_WARN_UNUSED_VARIABLE = YES;
				IPHONEOS_DEPLOYMENT_TARGET = 9.2;
				MTL_ENABLE_DEBUG_INFO = NO;
				OTHER_LDFLAGS = "-ObjC";
				SDKROOT = iphoneos;
				TARGETED_DEVICE_FAMILY = "1,2";
				VALIDATE_PRODUCT = YES;
			};
			name = Release;
		};
		10ADC9D01D0749700028A999 /* Debug */ = {
			isa = XCBuildConfiguration;
			baseConfigurationReference = A114AB9F2FC94F251E43A8FB /* Pods-venndor.debug.xcconfig */;
			buildSettings = {
				ASSETCATALOG_COMPILER_APPICON_NAME = AppIcon;
				CODE_SIGN_IDENTITY = "iPhone Developer";
				"CODE_SIGN_IDENTITY[sdk=iphoneos*]" = "iPhone Developer";
				FRAMEWORK_SEARCH_PATHS = (
					"$(inherited)",
					"$(PROJECT_DIR)",
				);
				HEADER_SEARCH_PATHS = (
					"$(inherited)",
					"\"${PODS_ROOT}/Headers/Public\"",
					"\"${PODS_ROOT}/Headers/Public/GoogleMaps\"",
					"\"${PODS_ROOT}/Headers/Public/ImagePicker\"",
				);
				INFOPLIST_FILE = venndor/Info.plist;
				LD_RUNPATH_SEARCH_PATHS = "$(inherited) @executable_path/Frameworks";
				PRODUCT_BUNDLE_IDENTIFIER = com.Venndor.tynan;
				PRODUCT_NAME = "$(TARGET_NAME)";
				PROVISIONING_PROFILE = "";
				SWIFT_OBJC_BRIDGING_HEADER = "venndor-Bridging-Header.h";
			};
			name = Debug;
		};
		10ADC9D11D0749700028A999 /* Release */ = {
			isa = XCBuildConfiguration;
			baseConfigurationReference = 0CA8EC29EA93828B89F7DE15 /* Pods-venndor.release.xcconfig */;
			buildSettings = {
				ASSETCATALOG_COMPILER_APPICON_NAME = AppIcon;
				CODE_SIGN_IDENTITY = "iPhone Developer";
				"CODE_SIGN_IDENTITY[sdk=iphoneos*]" = "iPhone Developer";
				FRAMEWORK_SEARCH_PATHS = (
					"$(inherited)",
					"$(PROJECT_DIR)",
				);
				HEADER_SEARCH_PATHS = (
					"$(inherited)",
					"\"${PODS_ROOT}/Headers/Public\"",
					"\"${PODS_ROOT}/Headers/Public/GoogleMaps\"",
					"\"${PODS_ROOT}/Headers/Public/ImagePicker\"",
				);
				INFOPLIST_FILE = venndor/Info.plist;
				LD_RUNPATH_SEARCH_PATHS = "$(inherited) @executable_path/Frameworks";
				PRODUCT_BUNDLE_IDENTIFIER = com.Venndor.tynan;
				PRODUCT_NAME = "$(TARGET_NAME)";
				PROVISIONING_PROFILE = "";
				SWIFT_OBJC_BRIDGING_HEADER = "venndor-Bridging-Header.h";
			};
			name = Release;
		};
		10ADC9D31D0749700028A999 /* Debug */ = {
			isa = XCBuildConfiguration;
			baseConfigurationReference = B5E5E666F0892E4D453AB7AB /* Pods-venndorTests.debug.xcconfig */;
			buildSettings = {
				BUNDLE_LOADER = "$(TEST_HOST)";
				INFOPLIST_FILE = venndorTests/Info.plist;
				LD_RUNPATH_SEARCH_PATHS = "$(inherited) @executable_path/Frameworks @loader_path/Frameworks";
				PRODUCT_BUNDLE_IDENTIFIER = com.Venndor.venndorTests;
				PRODUCT_NAME = "$(TARGET_NAME)";
				TEST_HOST = "$(BUILT_PRODUCTS_DIR)/venndor.app/venndor";
			};
			name = Debug;
		};
		10ADC9D41D0749700028A999 /* Release */ = {
			isa = XCBuildConfiguration;
			baseConfigurationReference = FFD7DAC17D30907788729F4A /* Pods-venndorTests.release.xcconfig */;
			buildSettings = {
				BUNDLE_LOADER = "$(TEST_HOST)";
				INFOPLIST_FILE = venndorTests/Info.plist;
				LD_RUNPATH_SEARCH_PATHS = "$(inherited) @executable_path/Frameworks @loader_path/Frameworks";
				PRODUCT_BUNDLE_IDENTIFIER = com.Venndor.venndorTests;
				PRODUCT_NAME = "$(TARGET_NAME)";
				TEST_HOST = "$(BUILT_PRODUCTS_DIR)/venndor.app/venndor";
			};
			name = Release;
		};
		10ADC9D61D0749700028A999 /* Debug */ = {
			isa = XCBuildConfiguration;
			baseConfigurationReference = D2DEF2969293315772844D7D /* Pods-venndorUITests.debug.xcconfig */;
			buildSettings = {
				INFOPLIST_FILE = venndorUITests/Info.plist;
				LD_RUNPATH_SEARCH_PATHS = "$(inherited) @executable_path/Frameworks @loader_path/Frameworks";
				PRODUCT_BUNDLE_IDENTIFIER = com.Venndor.venndorUITests;
				PRODUCT_NAME = "$(TARGET_NAME)";
				TEST_TARGET_NAME = venndor;
				USES_XCTRUNNER = YES;
			};
			name = Debug;
		};
		10ADC9D71D0749700028A999 /* Release */ = {
			isa = XCBuildConfiguration;
			baseConfigurationReference = 7C9AD43D3AAC3204D361DD5E /* Pods-venndorUITests.release.xcconfig */;
			buildSettings = {
				INFOPLIST_FILE = venndorUITests/Info.plist;
				LD_RUNPATH_SEARCH_PATHS = "$(inherited) @executable_path/Frameworks @loader_path/Frameworks";
				PRODUCT_BUNDLE_IDENTIFIER = com.Venndor.venndorUITests;
				PRODUCT_NAME = "$(TARGET_NAME)";
				TEST_TARGET_NAME = venndor;
				USES_XCTRUNNER = YES;
			};
			name = Release;
		};
/* End XCBuildConfiguration section */

/* Begin XCConfigurationList section */
		10ADC99F1D0749700028A999 /* Build configuration list for PBXProject "venndor" */ = {
			isa = XCConfigurationList;
			buildConfigurations = (
				10ADC9CD1D0749700028A999 /* Debug */,
				10ADC9CE1D0749700028A999 /* Release */,
			);
			defaultConfigurationIsVisible = 0;
			defaultConfigurationName = Release;
		};
		10ADC9CF1D0749700028A999 /* Build configuration list for PBXNativeTarget "venndor" */ = {
			isa = XCConfigurationList;
			buildConfigurations = (
				10ADC9D01D0749700028A999 /* Debug */,
				10ADC9D11D0749700028A999 /* Release */,
			);
			defaultConfigurationIsVisible = 0;
			defaultConfigurationName = Release;
		};
		10ADC9D21D0749700028A999 /* Build configuration list for PBXNativeTarget "venndorTests" */ = {
			isa = XCConfigurationList;
			buildConfigurations = (
				10ADC9D31D0749700028A999 /* Debug */,
				10ADC9D41D0749700028A999 /* Release */,
			);
			defaultConfigurationIsVisible = 0;
			defaultConfigurationName = Release;
		};
		10ADC9D51D0749700028A999 /* Build configuration list for PBXNativeTarget "venndorUITests" */ = {
			isa = XCConfigurationList;
			buildConfigurations = (
				10ADC9D61D0749700028A999 /* Debug */,
				10ADC9D71D0749700028A999 /* Release */,
			);
			defaultConfigurationIsVisible = 0;
			defaultConfigurationName = Release;
		};
/* End XCConfigurationList section */

/* Begin XCVersionGroup section */
		10ADC9AE1D0749700028A999 /* venndor.xcdatamodeld */ = {
			isa = XCVersionGroup;
			children = (
				10ADC9AF1D0749700028A999 /* venndor.xcdatamodel */,
			);
			currentVersion = 10ADC9AF1D0749700028A999 /* venndor.xcdatamodel */;
			path = venndor.xcdatamodeld;
			sourceTree = "<group>";
			versionGroupType = wrapper.xcdatamodel;
		};
/* End XCVersionGroup section */
	};
	rootObject = 10ADC99C1D0749700028A999 /* Project object */;
}
